
Microsoft Visual Studio Solution File, Format Version 12.00
# Visual Studio Express 2012 for Windows Desktop
Project("{FAE04EC0-301F-11D3-BF4B-00C04F79EFBC}") = "PatientRecordsWindows", "PatientRecordsWindows.csproj", "{EB8203A7-D48E-4076-8F36-2BFDC1CFD017}"
EndProject
Project("{FAE04EC0-301F-11D3-BF4B-00C04F79EFBC}") = "CaptureNET", "..\CaptureNET\CaptureNET.csproj", "{9B7CAF6C-AFF0-4C01-80F7-D316808FDF74}"
EndProject
Project("{FAE04EC0-301F-11D3-BF4B-00C04F79EFBC}") = "DShowNET", "..\DShowNET\DShowNET.csproj", "{CE009BFA-5EF6-4153-B2A1-2FA79698A9AE}"
EndProject
Project("{FAE04EC0-301F-11D3-BF4B-00C04F79EFBC}") = "PatientRecordsWPF", "..\PatientRecordsWPF\PatientRecordsWPF.csproj", "{261DE580-7C6B-4DD4-A5DC-109B32E47EC1}"
EndProject
Global
	GlobalSection(SolutionConfigurationPlatforms) = preSolution
		Debug|Any CPU = Debug|Any CPU
		Release|Any CPU = Release|Any CPU
	EndGlobalSection
	GlobalSection(ProjectConfigurationPlatforms) = postSolution
		{EB8203A7-D48E-4076-8F36-2BFDC1CFD017}.Debug|Any CPU.ActiveCfg = Debug|Any CPU
		{EB8203A7-D48E-4076-8F36-2BFDC1CFD017}.Debug|Any CPU.Build.0 = Debug|Any CPU
		{EB8203A7-D48E-4076-8F36-2BFDC1CFD017}.Release|Any CPU.ActiveCfg = Release|Any CPU
		{EB8203A7-D48E-4076-8F36-2BFDC1CFD017}.Release|Any CPU.Build.0 = Release|Any CPU
		{9B7CAF6C-AFF0-4C01-80F7-D316808FDF74}.Debug|Any CPU.ActiveCfg = Debug|Any CPU
		{9B7CAF6C-AFF0-4C01-80F7-D316808FDF74}.Debug|Any CPU.Build.0 = Debug|Any CPU
		{9B7CAF6C-AFF0-4C01-80F7-D316808FDF74}.Release|Any CPU.ActiveCfg = Release|Any CPU
		{9B7CAF6C-AFF0-4C01-80F7-D316808FDF74}.Release|Any CPU.Build.0 = Release|Any CPU
		{CE009BFA-5EF6-4153-B2A1-2FA79698A9AE}.Debug|Any CPU.ActiveCfg = Debug|Any CPU
		{CE009BFA-5EF6-4153-B2A1-2FA79698A9AE}.Debug|Any CPU.Build.0 = Debug|Any CPU
		{CE009BFA-5EF6-4153-B2A1-2FA79698A9AE}.Release|Any CPU.ActiveCfg = Release|Any CPU
		{CE009BFA-5EF6-4153-B2A1-2FA79698A9AE}.Release|Any CPU.Build.0 = Release|Any CPU
		{261DE580-7C6B-4DD4-A5DC-109B32E47EC1}.Debug|Any CPU.ActiveCfg = Debug|Any CPU
		{261DE580-7C6B-4DD4-A5DC-109B32E47EC1}.Debug|Any CPU.Build.0 = Debug|Any CPU
		{261DE580-7C6B-4DD4-A5DC-109B32E47EC1}.Release|Any CPU.ActiveCfg = Release|Any CPU
		{261DE580-7C6B-4DD4-A5DC-109B32E47EC1}.Release|Any CPU.Build.0 = Release|Any CPU
	EndGlobalSection
	GlobalSection(SolutionProperties) = preSolution
		HideSolutionNode = FALSE
	EndGlobalSection
EndGlobal
